{
  "name": "careibu-cms",
  "version": "1.0.0",
  "lockfileVersion": 1,
  "requires": true,
  "dependencies": {
    "careibu-email": {
      "version": "file:../shared/email",
      "requires": {
        "careibu-model": "file:../shared/model"
      },
      "dependencies": {
        "careibu-model": {
          "version": "file:../shared/model"
        }
      }
    },
    "careibu-model": {
      "version": "file:../shared/model"
    }
  }
}
